{
  "originHash" : "359166b8971ec5c7f14f971f77f0325f42cf92ede8cc7d6fede8bef1ec0a30eb",
  "pins" : [
    {
      "identity" : "data-humanreadabledescription",
      "kind" : "remoteSourceControl",
      "location" : "https://github.com/jeremyabannister/Data-humanReadableDescription",
      "state" : {
        "revision" : "e418d905afedaaf53c2d486ef6f24ad5a4afd348",
        "version" : "0.1.2"
      }
    },
    {
      "identity" : "data-utf8string",
      "kind" : "remoteSourceControl",
      "location" : "https://github.com/jeremyabannister/Data-utf8String",
      "state" : {
        "revision" : "5ca85ff523e885287092339bfea615f331e0dc13",
        "version" : "0.1.2"
      }
    },
    {
      "identity" : "errormessage-package",
      "kind" : "remoteSourceControl",
      "location" : "https://github.com/jeremyabannister/ErrorMessage-package",
      "state" : {
        "revision" : "8d8529f87a220c8958e2c28ec791fa0b1a1cd526",
        "version" : "0.1.2"
      }
    },
    {
      "identity" : "string-utf8data",
      "kind" : "remoteSourceControl",
      "location" : "https://github.com/jeremyabannister/String-utf8Data",
      "state" : {
        "revision" : "ca411301e55e882c825e7b9704752e9349854bd0",
        "version" : "0.1.2"
      }
    },
    {
      "identity" : "xctesttoolkit",
      "kind" : "remoteSourceControl",
      "location" : "https://github.com/jeremyabannister/XCTestToolkit",
      "state" : {
        "revision" : "9acc3db205b6c444ac5cc9591cf3bc277cd13524",
        "version" : "0.2.6"
      }
    }
  ],
  "version" : 3
}
